
Microsoft Visual Studio Solution File, Format Version 12.00
# Visual Studio 2015
Project("{FAE04EC0-301F-11D3-BF4B-00C04F79EFBC}") = "Oriloken.CSharp", "Oriloken.CSharp.csproj", "{684EB1B5-C5F5-32BF-C0BC-42259DDD4390}"
EndProject
Global
	GlobalSection(SolutionConfigurationPlatforms) = preSolution
		Debug|Any CPU = Debug|Any CPU
		Release|Any CPU = Release|Any CPU
	EndGlobalSection
	GlobalSection(ProjectConfigurationPlatforms) = postSolution
		{684EB1B5-C5F5-32BF-C0BC-42259DDD4390}.Debug|Any CPU.ActiveCfg = Debug|Any CPU
		{684EB1B5-C5F5-32BF-C0BC-42259DDD4390}.Debug|Any CPU.Build.0 = Debug|Any CPU
		{684EB1B5-C5F5-32BF-C0BC-42259DDD4390}.Release|Any CPU.ActiveCfg = Release|Any CPU
		{684EB1B5-C5F5-32BF-C0BC-42259DDD4390}.Release|Any CPU.Build.0 = Release|Any CPU
	EndGlobalSection
	GlobalSection(SolutionProperties) = preSolution
		HideSolutionNode = FALSE
	EndGlobalSection
EndGlobal
